
Microsoft Visual Studio Solution File, Format Version 12.00
# Visual Studio Version 17
VisualStudioVersion = 17.5.33530.505
MinimumVisualStudioVersion = 10.0.40219.1
Project("{9A19103F-16F7-4668-BE54-9A1E7A4F7556}") = "WhatsUp.Ui", "WhatsUp.Ui\WhatsUp.Ui.csproj", "{5589ED2D-4017-4E36-9EC8-0B38E3E51B5B}"
EndProject
Project("{9A19103F-16F7-4668-BE54-9A1E7A4F7556}") = "WhatsUp.Inferastructure", "WhatsUp.Inferastructure\WhatsUp.Inferastructure.csproj", "{FE9463A2-6555-4DB9-B2F2-FAAD76E3E024}"
EndProject
Project("{9A19103F-16F7-4668-BE54-9A1E7A4F7556}") = "WhatsUp.Core", "WhatsUp.Core\WhatsUp.Core.csproj", "{A04DFA56-E8E9-4075-87B6-CD89A421770A}"
EndProject
Global
	GlobalSection(SolutionConfigurationPlatforms) = preSolution
		Debug|Any CPU = Debug|Any CPU
		Release|Any CPU = Release|Any CPU
	EndGlobalSection
	GlobalSection(ProjectConfigurationPlatforms) = postSolution
		{5589ED2D-4017-4E36-9EC8-0B38E3E51B5B}.Debug|Any CPU.ActiveCfg = Debug|Any CPU
		{5589ED2D-4017-4E36-9EC8-0B38E3E51B5B}.Debug|Any CPU.Build.0 = Debug|Any CPU
		{5589ED2D-4017-4E36-9EC8-0B38E3E51B5B}.Release|Any CPU.ActiveCfg = Release|Any CPU
		{5589ED2D-4017-4E36-9EC8-0B38E3E51B5B}.Release|Any CPU.Build.0 = Release|Any CPU
		{FE9463A2-6555-4DB9-B2F2-FAAD76E3E024}.Debug|Any CPU.ActiveCfg = Debug|Any CPU
		{FE9463A2-6555-4DB9-B2F2-FAAD76E3E024}.Debug|Any CPU.Build.0 = Debug|Any CPU
		{FE9463A2-6555-4DB9-B2F2-FAAD76E3E024}.Release|Any CPU.ActiveCfg = Release|Any CPU
		{FE9463A2-6555-4DB9-B2F2-FAAD76E3E024}.Release|Any CPU.Build.0 = Release|Any CPU
		{A04DFA56-E8E9-4075-87B6-CD89A421770A}.Debug|Any CPU.ActiveCfg = Debug|Any CPU
		{A04DFA56-E8E9-4075-87B6-CD89A421770A}.Debug|Any CPU.Build.0 = Debug|Any CPU
		{A04DFA56-E8E9-4075-87B6-CD89A421770A}.Release|Any CPU.ActiveCfg = Release|Any CPU
		{A04DFA56-E8E9-4075-87B6-CD89A421770A}.Release|Any CPU.Build.0 = Release|Any CPU
	EndGlobalSection
	GlobalSection(SolutionProperties) = preSolution
		HideSolutionNode = FALSE
	EndGlobalSection
	GlobalSection(ExtensibilityGlobals) = postSolution
		SolutionGuid = {13DAF777-9A08-40B1-954E-FD2640AC6FE1}
	EndGlobalSection
EndGlobal
